
Microsoft Visual Studio Solution File, Format Version 12.00
# Visual Studio Version 17
VisualStudioVersion = 17.12.35514.174 d17.12
MinimumVisualStudioVersion = 10.0.40219.1
Project("{FAE04EC0-301F-11D3-BF4B-00C04F79EFBC}") = "EFCoreLektion", "EFCoreLektion\EFCoreLektion.csproj", "{A47B58C4-D1B3-4434-95D8-77A12203B23E}"
EndProject
Project("{FAE04EC0-301F-11D3-BF4B-00C04F79EFBC}") = "EFCoreConventions", "EFCoreConventions\EFCoreConventions.csproj", "{4ED8A4D6-C2DE-417A-9639-5B58EEA298DC}"
EndProject
Global
	GlobalSection(SolutionConfigurationPlatforms) = preSolution
		Debug|Any CPU = Debug|Any CPU
		Release|Any CPU = Release|Any CPU
	EndGlobalSection
	GlobalSection(ProjectConfigurationPlatforms) = postSolution
		{A47B58C4-D1B3-4434-95D8-77A12203B23E}.Debug|Any CPU.ActiveCfg = Debug|Any CPU
		{A47B58C4-D1B3-4434-95D8-77A12203B23E}.Debug|Any CPU.Build.0 = Debug|Any CPU
		{A47B58C4-D1B3-4434-95D8-77A12203B23E}.Release|Any CPU.ActiveCfg = Release|Any CPU
		{A47B58C4-D1B3-4434-95D8-77A12203B23E}.Release|Any CPU.Build.0 = Release|Any CPU
		{4ED8A4D6-C2DE-417A-9639-5B58EEA298DC}.Debug|Any CPU.ActiveCfg = Debug|Any CPU
		{4ED8A4D6-C2DE-417A-9639-5B58EEA298DC}.Debug|Any CPU.Build.0 = Debug|Any CPU
		{4ED8A4D6-C2DE-417A-9639-5B58EEA298DC}.Release|Any CPU.ActiveCfg = Release|Any CPU
		{4ED8A4D6-C2DE-417A-9639-5B58EEA298DC}.Release|Any CPU.Build.0 = Release|Any CPU
	EndGlobalSection
	GlobalSection(SolutionProperties) = preSolution
		HideSolutionNode = FALSE
	EndGlobalSection
EndGlobal
